
Microsoft Visual Studio Solution File, Format Version 12.00
# Visual Studio 15
VisualStudioVersion = 15.0.27130.2003
MinimumVisualStudioVersion = 10.0.40219.1
Project("{FAE04EC0-301F-11D3-BF4B-00C04F79EFBC}") = "login", "login\login.csproj", "{C57E33F2-2F98-49E7-B6CC-6B3013A9036A}"
EndProject
Global
	GlobalSection(SolutionConfigurationPlatforms) = preSolution
		Debug|Any CPU = Debug|Any CPU
		Release|Any CPU = Release|Any CPU
	EndGlobalSection
	GlobalSection(ProjectConfigurationPlatforms) = postSolution
		{C57E33F2-2F98-49E7-B6CC-6B3013A9036A}.Debug|Any CPU.ActiveCfg = Debug|Any CPU
		{C57E33F2-2F98-49E7-B6CC-6B3013A9036A}.Debug|Any CPU.Build.0 = Debug|Any CPU
		{C57E33F2-2F98-49E7-B6CC-6B3013A9036A}.Release|Any CPU.ActiveCfg = Release|Any CPU
		{C57E33F2-2F98-49E7-B6CC-6B3013A9036A}.Release|Any CPU.Build.0 = Release|Any CPU
	EndGlobalSection
	GlobalSection(SolutionProperties) = preSolution
		HideSolutionNode = FALSE
	EndGlobalSection
	GlobalSection(ExtensibilityGlobals) = postSolution
		SolutionGuid = {442447CB-E5FC-4A16-A0C1-4C7BA662123C}
	EndGlobalSection
EndGlobal
